// !$*UTF8*$!
{
	archiveVersion = 1;
	classes = {
	};
	objectVersion = 50;
	objects = {

/* Begin PBXBuildFile section */
		F2A2419C2676744700CD60DA /* Home.swift in Sources */ = {isa = PBXBuildFile; fileRef = F2A2419B2676744700CD60DA /* Home.swift */; };
		F2A2419E267674A100CD60DA /* HomeViewModel.swift in Sources */ = {isa = PBXBuildFile; fileRef = F2A2419D267674A100CD60DA /* HomeViewModel.swift */; };
		F2A241A02676760000CD60DA /* NewDataView.swift in Sources */ = {isa = PBXBuildFile; fileRef = F2A2419F2676760000CD60DA /* NewDataView.swift */; };
		F2A241A226767B8000CD60DA /* DateButton.swift in Sources */ = {isa = PBXBuildFile; fileRef = F2A241A126767B8000CD60DA /* DateButton.swift */; };
		F2EDBEF42672E526000C2C7A /* TodoApp.swift in Sources */ = {isa = PBXBuildFile; fileRef = F2EDBEF32672E526000C2C7A /* TodoApp.swift */; };
		F2EDBEF62672E526000C2C7A /* ContentView.swift in Sources */ = {isa = PBXBuildFile; fileRef = F2EDBEF52672E526000C2C7A /* ContentView.swift */; };
		F2EDBEF82672E529000C2C7A /* Assets.xcassets in Resources */ = {isa = PBXBuildFile; fileRef = F2EDBEF72672E529000C2C7A /* Assets.xcassets */; };
		F2EDBEFB2672E529000C2C7A /* Preview Assets.xcassets in Resources */ = {isa = PBXBuildFile; fileRef = F2EDBEFA2672E529000C2C7A /* Preview Assets.xcassets */; };
		F2EDBEFD2672E529000C2C7A /* Persistence.swift in Sources */ = {isa = PBXBuildFile; fileRef = F2EDBEFC2672E529000C2C7A /* Persistence.swift */; };
		F2EDBF002672E529000C2C7A /* Todo.xcdatamodeld in Sources */ = {isa = PBXBuildFile; fileRef = F2EDBEFE2672E529000C2C7A /* Todo.xcdatamodeld */; };
		F2EDBF0B2672E529000C2C7A /* TodoTests.swift in Sources */ = {isa = PBXBuildFile; fileRef = F2EDBF0A2672E529000C2C7A /* TodoTests.swift */; };
		F2EDBF162672E52A000C2C7A /* TodoUITests.swift in Sources */ = {isa = PBXBuildFile; fileRef = F2EDBF152672E52A000C2C7A /* TodoUITests.swift */; };
/* End PBXBuildFile section */

/* Begin PBXContainerItemProxy section */
		F2EDBF072672E529000C2C7A /* PBXContainerItemProxy */ = {
			isa = PBXContainerItemProxy;
			containerPortal = F2EDBEE82672E526000C2C7A /* Project object */;
			proxyType = 1;
			remoteGlobalIDString = F2EDBEEF2672E526000C2C7A;
			remoteInfo = Todo;
		};
		F2EDBF122672E52A000C2C7A /* PBXContainerItemProxy */ = {
			isa = PBXContainerItemProxy;
			containerPortal = F2EDBEE82672E526000C2C7A /* Project object */;
			proxyType = 1;
			remoteGlobalIDString = F2EDBEEF2672E526000C2C7A;
			remoteInfo = Todo;
		};
/* End PBXContainerItemProxy section */

/* Begin PBXFileReference section */
		F2A2419B2676744700CD60DA /* Home.swift */ = {isa = PBXFileReference; lastKnownFileType = sourcecode.swift; path = Home.swift; sourceTree = "<group>"; };
		F2A2419D267674A100CD60DA /* HomeViewModel.swift */ = {isa = PBXFileReference; lastKnownFileType = sourcecode.swift; path = HomeViewModel.swift; sourceTree = "<group>"; };
		F2A2419F2676760000CD60DA /* NewDataView.swift */ = {isa = PBXFileReference; lastKnownFileType = sourcecode.swift; path = NewDataView.swift; sourceTree = "<group>"; };
		F2A241A126767B8000CD60DA /* DateButton.swift */ = {isa = PBXFileReference; lastKnownFileType = sourcecode.swift; path = DateButton.swift; sourceTree = "<group>"; };
		F2EDBEF02672E526000C2C7A /* Todo.app */ = {isa = PBXFileReference; explicitFileType = wrapper.application; includeInIndex = 0; path = Todo.app; sourceTree = BUILT_PRODUCTS_DIR; };
		F2EDBEF32672E526000C2C7A /* TodoApp.swift */ = {isa = PBXFileReference; lastKnownFileType = sourcecode.swift; path = TodoApp.swift; sourceTree = "<group>"; };
		F2EDBEF52672E526000C2C7A /* ContentView.swift */ = {isa = PBXFileReference; lastKnownFileType = sourcecode.swift; path = ContentView.swift; sourceTree = "<group>"; };
		F2EDBEF72672E529000C2C7A /* Assets.xcassets */ = {isa = PBXFileReference; lastKnownFileType = folder.assetcatalog; path = Assets.xcassets; sourceTree = "<group>"; };
		F2EDBEFA2672E529000C2C7A /* Preview Assets.xcassets */ = {isa = PBXFileReference; lastKnownFileType = folder.assetcatalog; path = "Preview Assets.xcassets"; sourceTree = "<group>"; };
		F2EDBEFC2672E529000C2C7A /* Persistence.swift */ = {isa = PBXFileReference; lastKnownFileType = sourcecode.swift; path = Persistence.swift; sourceTree = "<group>"; };
		F2EDBEFF2672E529000C2C7A /* Todo.xcdatamodel */ = {isa = PBXFileReference; lastKnownFileType = wrapper.xcdatamodel; path = Todo.xcdatamodel; sourceTree = "<group>"; };
		F2EDBF012672E529000C2C7A /* Info.plist */ = {isa = PBXFileReference; lastKnownFileType = text.plist.xml; path = Info.plist; sourceTree = "<group>"; };
		F2EDBF062672E529000C2C7A /* TodoTests.xctest */ = {isa = PBXFileReference; explicitFileType = wrapper.cfbundle; includeInIndex = 0; path = TodoTests.xctest; sourceTree = BUILT_PRODUCTS_DIR; };
		F2EDBF0A2672E529000C2C7A /* TodoTests.swift */ = {isa = PBXFileReference; lastKnownFileType = sourcecode.swift; path = TodoTests.swift; sourceTree = "<group>"; };
		F2EDBF0C2672E529000C2C7A /* Info.plist */ = {isa = PBXFileReference; lastKnownFileType = text.plist.xml; path = Info.plist; sourceTree = "<group>"; };
		F2EDBF112672E52A000C2C7A /* TodoUITests.xctest */ = {isa = PBXFileReference; explicitFileType = wrapper.cfbundle; includeInIndex = 0; path = TodoUITests.xctest; sourceTree = BUILT_PRODUCTS_DIR; };
		F2EDBF152672E52A000C2C7A /* TodoUITests.swift */ = {isa = PBXFileReference; lastKnownFileType = sourcecode.swift; path = TodoUITests.swift; sourceTree = "<group>"; };
		F2EDBF172672E52A000C2C7A /* Info.plist */ = {isa = PBXFileReference; lastKnownFileType = text.plist.xml; path = Info.plist; sourceTree = "<group>"; };
/* End PBXFileReference section */

/* Begin PBXFrameworksBuildPhase section */
		F2EDBEED2672E526000C2C7A /* Frameworks */ = {
			isa = PBXFrameworksBuildPhase;
			buildActionMask = 2147483647;
			files = (
			);
			runOnlyForDeploymentPostprocessing = 0;
		};
		F2EDBF032672E529000C2C7A /* Frameworks */ = {
			isa = PBXFrameworksBuildPhase;
			buildActionMask = 2147483647;
			files = (
			);
			runOnlyForDeploymentPostprocessing = 0;
		};
		F2EDBF0E2672E52A000C2C7A /* Frameworks */ = {
			isa = PBXFrameworksBuildPhase;
			buildActionMask = 2147483647;
			files = (
			);
			runOnlyForDeploymentPostprocessing = 0;
		};
/* End PBXFrameworksBuildPhase section */

/* Begin PBXGroup section */
		F2A24199267673F000CD60DA /* View */ = {
			isa = PBXGroup;
			children = (
				F2A2419B2676744700CD60DA /* Home.swift */,
				F2A2419F2676760000CD60DA /* NewDataView.swift */,
				F2A241A126767B8000CD60DA /* DateButton.swift */,
			);
			path = View;
			sourceTree = "<group>";
		};
		F2A2419A2676740C00CD60DA /* ViewModel */ = {
			isa = PBXGroup;
			children = (
				F2A2419D267674A100CD60DA /* HomeViewModel.swift */,
			);
			path = ViewModel;
			sourceTree = "<group>";
		};
		F2EDBEE72672E526000C2C7A = {
			isa = PBXGroup;
			children = (
				F2EDBEF22672E526000C2C7A /* Todo */,
				F2EDBF092672E529000C2C7A /* TodoTests */,
				F2EDBF142672E52A000C2C7A /* TodoUITests */,
				F2EDBEF12672E526000C2C7A /* Products */,
			);
			sourceTree = "<group>";
		};
		F2EDBEF12672E526000C2C7A /* Products */ = {
			isa = PBXGroup;
			children = (
				F2EDBEF02672E526000C2C7A /* Todo.app */,
				F2EDBF062672E529000C2C7A /* TodoTests.xctest */,
				F2EDBF112672E52A000C2C7A /* TodoUITests.xctest */,
			);
			name = Products;
			sourceTree = "<group>";
		};
		F2EDBEF22672E526000C2C7A /* Todo */ = {
			isa = PBXGroup;
			children = (
				F2A2419A2676740C00CD60DA /* ViewModel */,
				F2A24199267673F000CD60DA /* View */,
				F2EDBEF32672E526000C2C7A /* TodoApp.swift */,
				F2EDBEF52672E526000C2C7A /* ContentView.swift */,
				F2EDBEF72672E529000C2C7A /* Assets.xcassets */,
				F2EDBEFC2672E529000C2C7A /* Persistence.swift */,
				F2EDBF012672E529000C2C7A /* Info.plist */,
				F2EDBEFE2672E529000C2C7A /* Todo.xcdatamodeld */,
				F2EDBEF92672E529000C2C7A /* Preview Content */,
			);
			path = Todo;
			sourceTree = "<group>";
		};
		F2EDBEF92672E529000C2C7A /* Preview Content */ = {
			isa = PBXGroup;
			children = (
				F2EDBEFA2672E529000C2C7A /* Preview Assets.xcassets */,
			);
			path = "Preview Content";
			sourceTree = "<group>";
		};
		F2EDBF092672E529000C2C7A /* TodoTests */ = {
			isa = PBXGroup;
			children = (
				F2EDBF0A2672E529000C2C7A /* TodoTests.swift */,
				F2EDBF0C2672E529000C2C7A /* Info.plist */,
			);
			path = TodoTests;
			sourceTree = "<group>";
		};
		F2EDBF142672E52A000C2C7A /* TodoUITests */ = {
			isa = PBXGroup;
			children = (
				F2EDBF152672E52A000C2C7A /* TodoUITests.swift */,
				F2EDBF172672E52A000C2C7A /* Info.plist */,
			);
			path = TodoUITests;
			sourceTree = "<group>";
		};
/* End PBXGroup section */

/* Begin PBXNativeTarget section */
		F2EDBEEF2672E526000C2C7A /* Todo */ = {
			isa = PBXNativeTarget;
			buildConfigurationList = F2EDBF1A2672E52A000C2C7A /* Build configuration list for PBXNativeTarget "Todo" */;
			buildPhases = (
				F2EDBEEC2672E526000C2C7A /* Sources */,
				F2EDBEED2672E526000C2C7A /* Frameworks */,
				F2EDBEEE2672E526000C2C7A /* Resources */,
			);
			buildRules = (
			);
			dependencies = (
			);
			name = Todo;
			productName = Todo;
			productReference = F2EDBEF02672E526000C2C7A /* Todo.app */;
			productType = "com.apple.product-type.application";
		};
		F2EDBF052672E529000C2C7A /* TodoTests */ = {
			isa = PBXNativeTarget;
			buildConfigurationList = F2EDBF1D2672E52A000C2C7A /* Build configuration list for PBXNativeTarget "TodoTests" */;
			buildPhases = (
				F2EDBF022672E529000C2C7A /* Sources */,
				F2EDBF032672E529000C2C7A /* Frameworks */,
				F2EDBF042672E529000C2C7A /* Resources */,
			);
			buildRules = (
			);
			dependencies = (
				F2EDBF082672E529000C2C7A /* PBXTargetDependency */,
			);
			name = TodoTests;
			productName = TodoTests;
			productReference = F2EDBF062672E529000C2C7A /* TodoTests.xctest */;
			productType = "com.apple.product-type.bundle.unit-test";
		};
		F2EDBF102672E52A000C2C7A /* TodoUITests */ = {
			isa = PBXNativeTarget;
			buildConfigurationList = F2EDBF202672E52A000C2C7A /* Build configuration list for PBXNativeTarget "TodoUITests" */;
			buildPhases = (
				F2EDBF0D2672E52A000C2C7A /* Sources */,
				F2EDBF0E2672E52A000C2C7A /* Frameworks */,
				F2EDBF0F2672E52A000C2C7A /* Resources */,
			);
			buildRules = (
			);
			dependencies = (
				F2EDBF132672E52A000C2C7A /* PBXTargetDependency */,
			);
			name = TodoUITests;
			productName = TodoUITests;
			productReference = F2EDBF112672E52A000C2C7A /* TodoUITests.xctest */;
			productType = "com.apple.product-type.bundle.ui-testing";
		};
/* End PBXNativeTarget section */

/* Begin PBXProject section */
		F2EDBEE82672E526000C2C7A /* Project object */ = {
			isa = PBXProject;
			attributes = {
				LastSwiftUpdateCheck = 1250;
				LastUpgradeCheck = 1250;
				TargetAttributes = {
					F2EDBEEF2672E526000C2C7A = {
						CreatedOnToolsVersion = 12.5;
					};
					F2EDBF052672E529000C2C7A = {
						CreatedOnToolsVersion = 12.5;
						TestTargetID = F2EDBEEF2672E526000C2C7A;
					};
					F2EDBF102672E52A000C2C7A = {
						CreatedOnToolsVersion = 12.5;
						TestTargetID = F2EDBEEF2672E526000C2C7A;
					};
				};
			};
			buildConfigurationList = F2EDBEEB2672E526000C2C7A /* Build configuration list for PBXProject "Todo" */;
			compatibilityVersion = "Xcode 9.3";
			developmentRegion = en;
			hasScannedForEncodings = 0;
			knownRegions = (
				en,
				Base,
			);
			mainGroup = F2EDBEE72672E526000C2C7A;
			productRefGroup = F2EDBEF12672E526000C2C7A /* Products */;
			projectDirPath = "";
			projectRoot = "";
			targets = (
				F2EDBEEF2672E526000C2C7A /* Todo */,
				F2EDBF052672E529000C2C7A /* TodoTests */,
				F2EDBF102672E52A000C2C7A /* TodoUITests */,
			);
		};
/* End PBXProject section */

/* Begin PBXResourcesBuildPhase section */
		F2EDBEEE2672E526000C2C7A /* Resources */ = {
			isa = PBXResourcesBuildPhase;
			buildActionMask = 2147483647;
			files = (
				F2EDBEFB2672E529000C2C7A /* Preview Assets.xcassets in Resources */,
				F2EDBEF82672E529000C2C7A /* Assets.xcassets in Resources */,
			);
			runOnlyForDeploymentPostprocessing = 0;
		};
		F2EDBF042672E529000C2C7A /* Resources */ = {
			isa = PBXResourcesBuildPhase;
			buildActionMask = 2147483647;
			files = (
			);
			runOnlyForDeploymentPostprocessing = 0;
		};
		F2EDBF0F2672E52A000C2C7A /* Resources */ = {
			isa = PBXResourcesBuildPhase;
			buildActionMask = 2147483647;
			files = (
			);
			runOnlyForDeploymentPostprocessing = 0;
		};
/* End PBXResourcesBuildPhase section */

/* Begin PBXSourcesBuildPhase section */
		F2EDBEEC2672E526000C2C7A /* Sources */ = {
			isa = PBXSourcesBuildPhase;
			buildActionMask = 2147483647;
			files = (
				F2EDBEFD2672E529000C2C7A /* Persistence.swift in Sources */,
				F2A2419E267674A100CD60DA /* HomeViewModel.swift in Sources */,
				F2EDBEF62672E526000C2C7A /* ContentView.swift in Sources */,
				F2A2419C2676744700CD60DA /* Home.swift in Sources */,
				F2EDBEF42672E526000C2C7A /* TodoApp.swift in Sources */,
				F2A241A226767B8000CD60DA /* DateButton.swift in Sources */,
				F2EDBF002672E529000C2C7A /* Todo.xcdatamodeld in Sources */,
				F2A241A02676760000CD60DA /* NewDataView.swift in Sources */,
			);
			runOnlyForDeploymentPostprocessing = 0;
		};
		F2EDBF022672E529000C2C7A /* Sources */ = {
			isa = PBXSourcesBuildPhase;
			buildActionMask = 2147483647;
			files = (
				F2EDBF0B2672E529000C2C7A /* TodoTests.swift in Sources */,
			);
			runOnlyForDeploymentPostprocessing = 0;
		};
		F2EDBF0D2672E52A000C2C7A /* Sources */ = {
			isa = PBXSourcesBuildPhase;
			buildActionMask = 2147483647;
			files = (
				F2EDBF162672E52A000C2C7A /* TodoUITests.swift in Sources */,
			);
			runOnlyForDeploymentPostprocessing = 0;
		};
/* End PBXSourcesBuildPhase section */

/* Begin PBXTargetDependency section */
		F2EDBF082672E529000C2C7A /* PBXTargetDependency */ = {
			isa = PBXTargetDependency;
			target = F2EDBEEF2672E526000C2C7A /* Todo */;
			targetProxy = F2EDBF072672E529000C2C7A /* PBXContainerItemProxy */;
		};
		F2EDBF132672E52A000C2C7A /* PBXTargetDependency */ = {
			isa = PBXTargetDependency;
			target = F2EDBEEF2672E526000C2C7A /* Todo */;
			targetProxy = F2EDBF122672E52A000C2C7A /* PBXContainerItemProxy */;
		};
/* End PBXTargetDependency section */

/* Begin XCBuildConfiguration section */
		F2EDBF182672E52A000C2C7A /* Debug */ = {
			isa = XCBuildConfiguration;
			buildSettings = {
				ALWAYS_SEARCH_USER_PATHS = NO;
				CLANG_ANALYZER_NONNULL = YES;
				CLANG_ANALYZER_NUMBER_OBJECT_CONVERSION = YES_AGGRESSIVE;
				CLANG_CXX_LANGUAGE_STANDARD = "gnu++14";
				CLANG_CXX_LIBRARY = "libc++";
				CLANG_ENABLE_MODULES = YES;
				CLANG_ENABLE_OBJC_ARC = YES;
				CLANG_ENABLE_OBJC_WEAK = YES;
				CLANG_WARN_BLOCK_CAPTURE_AUTORELEASING = YES;
				CLANG_WARN_BOOL_CONVERSION = YES;
				CLANG_WARN_COMMA = YES;
				CLANG_WARN_CONSTANT_CONVERSION = YES;
				CLANG_WARN_DEPRECATED_OBJC_IMPLEMENTATIONS = YES;
				CLANG_WARN_DIRECT_OBJC_ISA_USAGE = YES_ERROR;
				CLANG_WARN_DOCUMENTATION_COMMENTS = YES;
				CLANG_WARN_EMPTY_BODY = YES;
				CLANG_WARN_ENUM_CONVERSION = YES;
				CLANG_WARN_INFINITE_RECURSION = YES;
				CLANG_WARN_INT_CONVERSION = YES;
				CLANG_WARN_NON_LITERAL_NULL_CONVERSION = YES;
				CLANG_WARN_OBJC_IMPLICIT_RETAIN_SELF = YES;
				CLANG_WARN_OBJC_LITERAL_CONVERSION = YES;
				CLANG_WARN_OBJC_ROOT_CLASS = YES_ERROR;
				CLANG_WARN_QUOTED_INCLUDE_IN_FRAMEWORK_HEADER = YES;
				CLANG_WARN_RANGE_LOOP_ANALYSIS = YES;
				CLANG_WARN_STRICT_PROTOTYPES = YES;
				CLANG_WARN_SUSPICIOUS_MOVE = YES;
				CLANG_WARN_UNGUARDED_AVAILABILITY = YES_AGGRESSIVE;
				CLANG_WARN_UNREACHABLE_CODE = YES;
				CLANG_WARN__DUPLICATE_METHOD_MATCH = YES;
				COPY_PHASE_STRIP = NO;
				DEBUG_INFORMATION_FORMAT = dwarf;
				ENABLE_STRICT_OBJC_MSGSEND = YES;
				ENABLE_TESTABILITY = YES;
				GCC_C_LANGUAGE_STANDARD = gnu11;
				GCC_DYNAMIC_NO_PIC = NO;
				GCC_NO_COMMON_BLOCKS = YES;
				GCC_OPTIMIZATION_LEVEL = 0;
				GCC_PREPROCESSOR_DEFINITIONS = (
					"DEBUG=1",
					"$(inherited)",
				);
				GCC_WARN_64_TO_32_BIT_CONVERSION = YES;
				GCC_WARN_ABOUT_RETURN_TYPE = YES_ERROR;
				GCC_WARN_UNDECLARED_SELECTOR = YES;
				GCC_WARN_UNINITIALIZED_AUTOS = YES_AGGRESSIVE;
				GCC_WARN_UNUSED_FUNCTION = YES;
				GCC_WARN_UNUSED_VARIABLE = YES;
				IPHONEOS_DEPLOYMENT_TARGET = 14.5;
				MTL_ENABLE_DEBUG_INFO = INCLUDE_SOURCE;
				MTL_FAST_MATH = YES;
				ONLY_ACTIVE_ARCH = YES;
				SDKROOT = iphoneos;
				SWIFT_ACTIVE_COMPILATION_CONDITIONS = DEBUG;
				SWIFT_OPTIMIZATION_LEVEL = "-Onone";
			};
			name = Debug;
		};
		F2EDBF192672E52A000C2C7A /* Release */ = {
			isa = XCBuildConfiguration;
			buildSettings = {
				ALWAYS_SEARCH_USER_PATHS = NO;
				CLANG_ANALYZER_NONNULL = YES;
				CLANG_ANALYZER_NUMBER_OBJECT_CONVERSION = YES_AGGRESSIVE;
				CLANG_CXX_LANGUAGE_STANDARD = "gnu++14";
				CLANG_CXX_LIBRARY = "libc++";
				CLANG_ENABLE_MODULES = YES;
				CLANG_ENABLE_OBJC_ARC = YES;
				CLANG_ENABLE_OBJC_WEAK = YES;
				CLANG_WARN_BLOCK_CAPTURE_AUTORELEASING = YES;
				CLANG_WARN_BOOL_CONVERSION = YES;
				CLANG_WARN_COMMA = YES;
				CLANG_WARN_CONSTANT_CONVERSION = YES;
				CLANG_WARN_DEPRECATED_OBJC_IMPLEMENTATIONS = YES;
				CLANG_WARN_DIRECT_OBJC_ISA_USAGE = YES_ERROR;
				CLANG_WARN_DOCUMENTATION_COMMENTS = YES;
				CLANG_WARN_EMPTY_BODY = YES;
				CLANG_WARN_ENUM_CONVERSION = YES;
				CLANG_WARN_INFINITE_RECURSION = YES;
				CLANG_WARN_INT_CONVERSION = YES;
				CLANG_WARN_NON_LITERAL_NULL_CONVERSION = YES;
				CLANG_WARN_OBJC_IMPLICIT_RETAIN_SELF = YES;
				CLANG_WARN_OBJC_LITERAL_CONVERSION = YES;
				CLANG_WARN_OBJC_ROOT_CLASS = YES_ERROR;
				CLANG_WARN_QUOTED_INCLUDE_IN_FRAMEWORK_HEADER = YES;
				CLANG_WARN_RANGE_LOOP_ANALYSIS = YES;
				CLANG_WARN_STRICT_PROTOTYPES = YES;
				CLANG_WARN_SUSPICIOUS_MOVE = YES;
				CLANG_WARN_UNGUARDED_AVAILABILITY = YES_AGGRESSIVE;
				CLANG_WARN_UNREACHABLE_CODE = YES;
				CLANG_WARN__DUPLICATE_METHOD_MATCH = YES;
				COPY_PHASE_STRIP = NO;
				DEBUG_INFORMATION_FORMAT = "dwarf-with-dsym";
				ENABLE_NS_ASSERTIONS = NO;
				ENABLE_STRICT_OBJC_MSGSEND = YES;
				GCC_C_LANGUAGE_STANDARD = gnu11;
				GCC_NO_COMMON_BLOCKS = YES;
				GCC_WARN_64_TO_32_BIT_CONVERSION = YES;
				GCC_WARN_ABOUT_RETURN_TYPE = YES_ERROR;
				GCC_WARN_UNDECLARED_SELECTOR = YES;
				GCC_WARN_UNINITIALIZED_AUTOS = YES_AGGRESSIVE;
				GCC_WARN_UNUSED_FUNCTION = YES;
				GCC_WARN_UNUSED_VARIABLE = YES;
				IPHONEOS_DEPLOYMENT_TARGET = 14.5;
				MTL_ENABLE_DEBUG_INFO = NO;
				MTL_FAST_MATH = YES;
				SDKROOT = iphoneos;
				SWIFT_COMPILATION_MODE = wholemodule;
				SWIFT_OPTIMIZATION_LEVEL = "-O";
				VALIDATE_PRODUCT = YES;
			};
			name = Release;
		};
		F2EDBF1B2672E52A000C2C7A /* Debug */ = {
			isa = XCBuildConfiguration;
			buildSettings = {
				ASSETCATALOG_COMPILER_APPICON_NAME = AppIcon;
				ASSETCATALOG_COMPILER_GLOBAL_ACCENT_COLOR_NAME = AccentColor;
				CODE_SIGN_IDENTITY = "Apple Development";
				CODE_SIGN_STYLE = Automatic;
				DEVELOPMENT_ASSET_PATHS = "\"Todo/Preview Content\"";
				DEVELOPMENT_TEAM = 56AGUN8975;
				ENABLE_PREVIEWS = YES;
				INFOPLIST_FILE = Todo/Info.plist;
				IPHONEOS_DEPLOYMENT_TARGET = 14.0;
				LD_RUNPATH_SEARCH_PATHS = (
					"$(inherited)",
					"@executable_path/Frameworks",
				);
				MARKETING_VERSION = 0.1.0;
				PRODUCT_BUNDLE_IDENTIFIER = FeiY.Todo;
				PRODUCT_NAME = "$(TARGET_NAME)";
				PROVISIONING_PROFILE_SPECIFIER = "";
				SWIFT_VERSION = 5.0;
				TARGETED_DEVICE_FAMILY = "1,2";
			};
			name = Debug;
		};
		F2EDBF1C2672E52A000C2C7A /* Release */ = {
			isa = XCBuildConfiguration;
			buildSettings = {
				ASSETCATALOG_COMPILER_APPICON_NAME = AppIcon;
				ASSETCATALOG_COMPILER_GLOBAL_ACCENT_COLOR_NAME = AccentColor;
				CODE_SIGN_IDENTITY = "Apple Development";
				CODE_SIGN_STYLE = Automatic;
				DEVELOPMENT_ASSET_PATHS = "\"Todo/Preview Content\"";
				DEVELOPMENT_TEAM = 56AGUN8975;
				ENABLE_PREVIEWS = YES;
				INFOPLIST_FILE = Todo/Info.plist;
				IPHONEOS_DEPLOYMENT_TARGET = 14.0;
				LD_RUNPATH_SEARCH_PATHS = (
					"$(inherited)",
					"@executable_path/Frameworks",
				);
				MARKETING_VERSION = 0.1.0;
				PRODUCT_BUNDLE_IDENTIFIER = FeiY.Todo;
				PRODUCT_NAME = "$(TARGET_NAME)";
				PROVISIONING_PROFILE_SPECIFIER = "";
				SWIFT_VERSION = 5.0;
				TARGETED_DEVICE_FAMILY = "1,2";
			};
			name = Release;
		};
		F2EDBF1E2672E52A000C2C7A /* Debug */ = {
			isa = XCBuildConfiguration;
			buildSettings = {
				ALWAYS_EMBED_SWIFT_STANDARD_LIBRARIES = YES;
				BUNDLE_LOADER = "$(TEST_HOST)";
				CODE_SIGN_STYLE = Automatic;
				INFOPLIST_FILE = TodoTests/Info.plist;
				IPHONEOS_DEPLOYMENT_TARGET = 14.0;
				LD_RUNPATH_SEARCH_PATHS = (
					"$(inherited)",
					"@executable_path/Frameworks",
					"@loader_path/Frameworks",
				);
				PRODUCT_BUNDLE_IDENTIFIER = FeiY.TodoTests;
				PRODUCT_NAME = "$(TARGET_NAME)";
				SWIFT_VERSION = 5.0;
				TARGETED_DEVICE_FAMILY = "1,2";
				TEST_HOST = "$(BUILT_PRODUCTS_DIR)/Todo.app/Todo";
			};
			name = Debug;
		};
		F2EDBF1F2672E52A000C2C7A /* Release */ = {
			isa = XCBuildConfiguration;
			buildSettings = {
				ALWAYS_EMBED_SWIFT_STANDARD_LIBRARIES = YES;
				BUNDLE_LOADER = "$(TEST_HOST)";
				CODE_SIGN_STYLE = Automatic;
				INFOPLIST_FILE = TodoTests/Info.plist;
				IPHONEOS_DEPLOYMENT_TARGET = 14.0;
				LD_RUNPATH_SEARCH_PATHS = (
					"$(inherited)",
					"@executable_path/Frameworks",
					"@loader_path/Frameworks",
				);
				PRODUCT_BUNDLE_IDENTIFIER = FeiY.TodoTests;
				PRODUCT_NAME = "$(TARGET_NAME)";
				SWIFT_VERSION = 5.0;
				TARGETED_DEVICE_FAMILY = "1,2";
				TEST_HOST = "$(BUILT_PRODUCTS_DIR)/Todo.app/Todo";
			};
			name = Release;
		};
		F2EDBF212672E52A000C2C7A /* Debug */ = {
			isa = XCBuildConfiguration;
			buildSettings = {
				ALWAYS_EMBED_SWIFT_STANDARD_LIBRARIES = YES;
				CODE_SIGN_STYLE = Automatic;
				INFOPLIST_FILE = TodoUITests/Info.plist;
				LD_RUNPATH_SEARCH_PATHS = (
					"$(inherited)",
					"@executable_path/Frameworks",
					"@loader_path/Frameworks",
				);
				PRODUCT_BUNDLE_IDENTIFIER = FeiY.TodoUITests;
				PRODUCT_NAME = "$(TARGET_NAME)";
				SWIFT_VERSION = 5.0;
				TARGETED_DEVICE_FAMILY = "1,2";
				TEST_TARGET_NAME = Todo;
			};
			name = Debug;
		};
		F2EDBF222672E52A000C2C7A /* Release */ = {
			isa = XCBuildConfiguration;
			buildSettings = {
				ALWAYS_EMBED_SWIFT_STANDARD_LIBRARIES = YES;
				CODE_SIGN_STYLE = Automatic;
				INFOPLIST_FILE = TodoUITests/Info.plist;
				LD_RUNPATH_SEARCH_PATHS = (
					"$(inherited)",
					"@executable_path/Frameworks",
					"@loader_path/Frameworks",
				);
				PRODUCT_BUNDLE_IDENTIFIER = FeiY.TodoUITests;
				PRODUCT_NAME = "$(TARGET_NAME)";
				SWIFT_VERSION = 5.0;
				TARGETED_DEVICE_FAMILY = "1,2";
				TEST_TARGET_NAME = Todo;
			};
			name = Release;
		};
/* End XCBuildConfiguration section */

/* Begin XCConfigurationList section */
		F2EDBEEB2672E526000C2C7A /* Build configuration list for PBXProject "Todo" */ = {
			isa = XCConfigurationList;
			buildConfigurations = (
				F2EDBF182672E52A000C2C7A /* Debug */,
				F2EDBF192672E52A000C2C7A /* Release */,
			);
			defaultConfigurationIsVisible = 0;
			defaultConfigurationName = Release;
		};
		F2EDBF1A2672E52A000C2C7A /* Build configuration list for PBXNativeTarget "Todo" */ = {
			isa = XCConfigurationList;
			buildConfigurations = (
				F2EDBF1B2672E52A000C2C7A /* Debug */,
				F2EDBF1C2672E52A000C2C7A /* Release */,
			);
			defaultConfigurationIsVisible = 0;
			defaultConfigurationName = Release;
		};
		F2EDBF1D2672E52A000C2C7A /* Build configuration list for PBXNativeTarget "TodoTests" */ = {
			isa = XCConfigurationList;
			buildConfigurations = (
				F2EDBF1E2672E52A000C2C7A /* Debug */,
				F2EDBF1F2672E52A000C2C7A /* Release */,
			);
			defaultConfigurationIsVisible = 0;
			defaultConfigurationName = Release;
		};
		F2EDBF202672E52A000C2C7A /* Build configuration list for PBXNativeTarget "TodoUITests" */ = {
			isa = XCConfigurationList;
			buildConfigurations = (
				F2EDBF212672E52A000C2C7A /* Debug */,
				F2EDBF222672E52A000C2C7A /* Release */,
			);
			defaultConfigurationIsVisible = 0;
			defaultConfigurationName = Release;
		};
/* End XCConfigurationList section */

/* Begin XCVersionGroup section */
		F2EDBEFE2672E529000C2C7A /* Todo.xcdatamodeld */ = {
			isa = XCVersionGroup;
			children = (
				F2EDBEFF2672E529000C2C7A /* Todo.xcdatamodel */,
			);
			currentVersion = F2EDBEFF2672E529000C2C7A /* Todo.xcdatamodel */;
			path = Todo.xcdatamodeld;
			sourceTree = "<group>";
			versionGroupType = wrapper.xcdatamodel;
		};
/* End XCVersionGroup section */
	};
	rootObject = F2EDBEE82672E526000C2C7A /* Project object */;
}
